
Microsoft Visual Studio Solution File, Format Version 12.00
# Visual Studio Version 16
VisualStudioVersion = 16.0.29911.84
MinimumVisualStudioVersion = 10.0.40219.1
Project("{FAE04EC0-301F-11D3-BF4B-00C04F79EFBC}") = "f14u-server", "f14u-server\f14u-server.csproj", "{FD292B40-6C3A-4087-BB57-A8DC616062E2}"
EndProject
Global
	GlobalSection(SolutionConfigurationPlatforms) = preSolution
		Debug|Any CPU = Debug|Any CPU
		Release|Any CPU = Release|Any CPU
	EndGlobalSection
	GlobalSection(ProjectConfigurationPlatforms) = postSolution
		{FD292B40-6C3A-4087-BB57-A8DC616062E2}.Debug|Any CPU.ActiveCfg = Debug|Any CPU
		{FD292B40-6C3A-4087-BB57-A8DC616062E2}.Debug|Any CPU.Build.0 = Debug|Any CPU
		{FD292B40-6C3A-4087-BB57-A8DC616062E2}.Release|Any CPU.ActiveCfg = Release|Any CPU
		{FD292B40-6C3A-4087-BB57-A8DC616062E2}.Release|Any CPU.Build.0 = Release|Any CPU
	EndGlobalSection
	GlobalSection(SolutionProperties) = preSolution
		HideSolutionNode = FALSE
	EndGlobalSection
	GlobalSection(ExtensibilityGlobals) = postSolution
		SolutionGuid = {E1048404-8C72-4A1A-A1E1-D8DB14B1A33F}
	EndGlobalSection
EndGlobal
